
Microsoft Visual Studio Solution File, Format Version 12.00
# Visual Studio 15
VisualStudioVersion = 15.0.27130.2020
MinimumVisualStudioVersion = 10.0.40219.1
Project("{9A19103F-16F7-4668-BE54-9A1E7A4F7556}") = "WebApplication1", "WebApplication1\WebApplication1.csproj", "{DEC12739-C853-42E8-94A0-CE8D43585D0B}"
EndProject
Project("{FAE04EC0-301F-11D3-BF4B-00C04F79EFBC}") = "API", "API\API.csproj", "{103C29F5-8959-45F3-A8BE-A7BEB2EA374F}"
EndProject
Global
	GlobalSection(SolutionConfigurationPlatforms) = preSolution
		Debug|Any CPU = Debug|Any CPU
		Release|Any CPU = Release|Any CPU
	EndGlobalSection
	GlobalSection(ProjectConfigurationPlatforms) = postSolution
		{DEC12739-C853-42E8-94A0-CE8D43585D0B}.Debug|Any CPU.ActiveCfg = Debug|Any CPU
		{DEC12739-C853-42E8-94A0-CE8D43585D0B}.Debug|Any CPU.Build.0 = Debug|Any CPU
		{DEC12739-C853-42E8-94A0-CE8D43585D0B}.Release|Any CPU.ActiveCfg = Release|Any CPU
		{DEC12739-C853-42E8-94A0-CE8D43585D0B}.Release|Any CPU.Build.0 = Release|Any CPU
		{103C29F5-8959-45F3-A8BE-A7BEB2EA374F}.Debug|Any CPU.ActiveCfg = Debug|Any CPU
		{103C29F5-8959-45F3-A8BE-A7BEB2EA374F}.Debug|Any CPU.Build.0 = Debug|Any CPU
		{103C29F5-8959-45F3-A8BE-A7BEB2EA374F}.Release|Any CPU.ActiveCfg = Release|Any CPU
		{103C29F5-8959-45F3-A8BE-A7BEB2EA374F}.Release|Any CPU.Build.0 = Release|Any CPU
	EndGlobalSection
	GlobalSection(SolutionProperties) = preSolution
		HideSolutionNode = FALSE
	EndGlobalSection
	GlobalSection(ExtensibilityGlobals) = postSolution
		SolutionGuid = {64E43546-5BF6-4F12-BB30-F9D62488FDD8}
	EndGlobalSection
EndGlobal
